
Microsoft Visual Studio Solution File, Format Version 12.00
# Visual Studio Version 17
VisualStudioVersion = 17.5.33516.290
MinimumVisualStudioVersion = 10.0.40219.1
Project("{9A19103F-16F7-4668-BE54-9A1E7A4F7556}") = "DragonCoreBlazorGames", "DragonCoreBlazorGames\DragonCoreBlazorGames.csproj", "{19638DCE-8D91-4FAF-AE2C-2E05DE41898E}"
EndProject
Global
	GlobalSection(SolutionConfigurationPlatforms) = preSolution
		Debug|Any CPU = Debug|Any CPU
		Release|Any CPU = Release|Any CPU
	EndGlobalSection
	GlobalSection(ProjectConfigurationPlatforms) = postSolution
		{19638DCE-8D91-4FAF-AE2C-2E05DE41898E}.Debug|Any CPU.ActiveCfg = Debug|Any CPU
		{19638DCE-8D91-4FAF-AE2C-2E05DE41898E}.Debug|Any CPU.Build.0 = Debug|Any CPU
		{19638DCE-8D91-4FAF-AE2C-2E05DE41898E}.Release|Any CPU.ActiveCfg = Release|Any CPU
		{19638DCE-8D91-4FAF-AE2C-2E05DE41898E}.Release|Any CPU.Build.0 = Release|Any CPU
	EndGlobalSection
	GlobalSection(SolutionProperties) = preSolution
		HideSolutionNode = FALSE
	EndGlobalSection
	GlobalSection(ExtensibilityGlobals) = postSolution
		SolutionGuid = {EFBE611A-7BF9-4351-9C66-560555634AEA}
	EndGlobalSection
EndGlobal
